speakeasyVersion: 1.555.3
sources:
    Workflows API:
        sourceNamespace: workflows-api
        sourceRevisionDigest: sha256:8b5b34dd813be19323121711069ebfca629e89f7df84a10c1c9a762dd4d89139
        sourceBlobDigest: sha256:1e49b78731c10214fd5832e7c43af01fce713bfac9dae8e4a157afc698fcef89
        tags:
            - latest
            - v1
targets:
    workflows:
        source: Workflows API
        sourceNamespace: workflows-api
        sourceRevisionDigest: sha256:8b5b34dd813be19323121711069ebfca629e89f7df84a10c1c9a762dd4d89139
        sourceBlobDigest: sha256:1e49b78731c10214fd5832e7c43af01fce713bfac9dae8e4a157afc698fcef89
        codeSamplesNamespace: workflows-api-python-code-samples
        codeSamplesRevisionDigest: sha256:7c3d2af9e3533b4b352022f5440b2f4eece96cd53009174d0f12be607ab6fa32
workflow:
    workflowVersion: 1.0.0
    speakeasyVersion: latest
    sources:
        Workflows API:
            inputs:
                - location: ./api_spec.yaml
            overlays:
                - location: .speakeasy/speakeasy-modifications-overlay.yaml
                - location: .speakeasy/speakeasy-config-overlay.yaml
                - location: .speakeasy/api-spec-overlay.yaml
            registry:
                location: registry.speakeasyapi.dev/thetradedesk/workflows/workflows-api
    targets:
        workflows:
            target: python
            source: Workflows API
            publish:
                pypi:
                    token: $pypi_token
            codeSamples:
                registry:
                    location: registry.speakeasyapi.dev/thetradedesk/workflows/workflows-api-python-code-samples
                labelOverride:
                    fixedValue: Python (SDK)
                blocking: false
