speakeasyVersion: 1.634.2
sources:
    Workflows API:
        sourceNamespace: workflows-api
        sourceRevisionDigest: sha256:4c08c54fa1041a9cf851708b8f0bae4a5231417bb09c08d26186380f295c61e3
        sourceBlobDigest: sha256:26c4716b0783dee94c083378c16e643f162796746ecae34181e6cd22c49b3f91
        tags:
            - latest
            - speakeasy-sdk-regen-1757465019
            - v1
targets:
    workflows:
        source: Workflows API
        sourceNamespace: workflows-api
        sourceRevisionDigest: sha256:4c08c54fa1041a9cf851708b8f0bae4a5231417bb09c08d26186380f295c61e3
        sourceBlobDigest: sha256:26c4716b0783dee94c083378c16e643f162796746ecae34181e6cd22c49b3f91
        codeSamplesNamespace: workflows-api-python-code-samples
        codeSamplesRevisionDigest: sha256:179aa4d9cbbf171daf3d6642ca6c75d5e77dab945e7194330f7274929afc0c86
workflow:
    workflowVersion: 1.0.0
    speakeasyVersion: latest
    sources:
        Workflows API:
            inputs:
                - location: https://api.thetradedesk.com/workflows/swagger/v1/swagger.yaml
                  authHeader: TTD-Auth
                  authSecret: $openapi_doc_auth_token
            overlays:
                - location: .speakeasy/speakeasy-modifications-overlay.yaml
                - location: https://raw.githubusercontent.com/thetradedesk/ttd-workflows-config/refs/heads/main/overlays/speakeasy-config-overlay.yaml
                - location: https://raw.githubusercontent.com/thetradedesk/ttd-workflows-config/refs/heads/main/overlays/api-spec-overlay.yaml
            registry:
                location: registry.speakeasyapi.dev/thetradedesk/workflows/workflows-api
    targets:
        workflows:
            target: python
            source: Workflows API
            publish:
                pypi:
                    token: $pypi_token
            codeSamples:
                registry:
                    location: registry.speakeasyapi.dev/thetradedesk/workflows/workflows-api-python-code-samples
                labelOverride:
                    fixedValue: Python (SDK)
                blocking: false
