speakeasyVersion: 1.541.2
sources:
    Workflows API:
        sourceNamespace: workflows-api
        sourceRevisionDigest: sha256:5f7cf630c25eb149ce16c6e4ff2f73a418473b09f783a1f5b7e37a215abc7741
        sourceBlobDigest: sha256:876a590ab30d1cf0b16303a0659567d02023632dacd699ecc9790f0776b31e5f
        tags:
            - latest
            - speakeasy-sdk-regen-1746111120
            - v1
targets:
    workflows:
        source: Workflows API
        sourceNamespace: workflows-api
        sourceRevisionDigest: sha256:5f7cf630c25eb149ce16c6e4ff2f73a418473b09f783a1f5b7e37a215abc7741
        sourceBlobDigest: sha256:876a590ab30d1cf0b16303a0659567d02023632dacd699ecc9790f0776b31e5f
        codeSamplesNamespace: workflows-api-python-code-samples
        codeSamplesRevisionDigest: sha256:5bd48b066bd292a29ff973381959c5b54c47faac9daf0f0d1f4d751496e3d420
workflow:
    workflowVersion: 1.0.0
    speakeasyVersion: latest
    sources:
        Workflows API:
            inputs:
                - location: ./api_spec.yaml
            overlays:
                - location: .speakeasy/speakeasy-modifications-overlay.yaml
            registry:
                location: registry.speakeasyapi.dev/thetradedesk/workflows/workflows-api
    targets:
        workflows:
            target: python
            source: Workflows API
            publish:
                pypi:
                    token: $pypi_token
            codeSamples:
                registry:
                    location: registry.speakeasyapi.dev/thetradedesk/workflows/workflows-api-python-code-samples
                labelOverride:
                    fixedValue: Python (SDK)
                blocking: false
